// !$*UTF8*$!
{
	archiveVersion = 1;
	classes = {
	};
	objectVersion = 56;
	objects = {

/* Begin PBXBuildFile section */
		A52ADFA82B8A71FA001E74A3 /* IrisApp.swift in Sources */ = {isa = PBXBuildFile; fileRef = A52ADFA72B8A71FA001E74A3 /* IrisApp.swift */; };
		A52ADFAC2B8A71FB001E74A3 /* Assets.xcassets in Resources */ = {isa = PBXBuildFile; fileRef = A52ADFAB2B8A71FB001E74A3 /* Assets.xcassets */; };
		A52ADFAF2B8A71FB001E74A3 /* Preview Assets.xcassets in Resources */ = {isa = PBXBuildFile; fileRef = A52ADFAE2B8A71FB001E74A3 /* Preview Assets.xcassets */; };
		A52ADFB72B8A7369001E74A3 /* Constants.swift in Sources */ = {isa = PBXBuildFile; fileRef = A52ADFB62B8A7369001E74A3 /* Constants.swift */; };
		A52ADFBB2B8A742F001E74A3 /* Colors.swift in Sources */ = {isa = PBXBuildFile; fileRef = A52ADFBA2B8A742F001E74A3 /* Colors.swift */; };
		A52ADFBD2B8A7447001E74A3 /* Fonts.swift in Sources */ = {isa = PBXBuildFile; fileRef = A52ADFBC2B8A7447001E74A3 /* Fonts.swift */; };
		A52ADFC12B8A74E7001E74A3 /* AboutView.swift in Sources */ = {isa = PBXBuildFile; fileRef = A52ADFC02B8A74E7001E74A3 /* AboutView.swift */; };
		A52ADFC32B8A750E001E74A3 /* MessageView.swift in Sources */ = {isa = PBXBuildFile; fileRef = A52ADFC22B8A750E001E74A3 /* MessageView.swift */; };
		A52ADFC52B8A7525001E74A3 /* SplashScreen.swift in Sources */ = {isa = PBXBuildFile; fileRef = A52ADFC42B8A7525001E74A3 /* SplashScreen.swift */; };
		A52ADFC72B8A754A001E74A3 /* StartView.swift in Sources */ = {isa = PBXBuildFile; fileRef = A52ADFC62B8A754A001E74A3 /* StartView.swift */; };
		A52ADFCA2B8A759B001E74A3 /* BlackButton.swift in Sources */ = {isa = PBXBuildFile; fileRef = A52ADFC92B8A759B001E74A3 /* BlackButton.swift */; };
		A52ADFCC2B8A75D0001E74A3 /* ClearButton.swift in Sources */ = {isa = PBXBuildFile; fileRef = A52ADFCB2B8A75D0001E74A3 /* ClearButton.swift */; };
		A52ADFCE2B8A75FF001E74A3 /* FinishButton.swift in Sources */ = {isa = PBXBuildFile; fileRef = A52ADFCD2B8A75FF001E74A3 /* FinishButton.swift */; };
		A52ADFD02B8A761D001E74A3 /* NextButton.swift in Sources */ = {isa = PBXBuildFile; fileRef = A52ADFCF2B8A761D001E74A3 /* NextButton.swift */; };
		A52ADFD22B8A763D001E74A3 /* Organization.swift in Sources */ = {isa = PBXBuildFile; fileRef = A52ADFD12B8A763D001E74A3 /* Organization.swift */; };
		A52ADFD42B8A766B001E74A3 /* PhotoButton.swift in Sources */ = {isa = PBXBuildFile; fileRef = A52ADFD32B8A766B001E74A3 /* PhotoButton.swift */; };
		A52ADFD62B8A76D5001E74A3 /* camera.mp3 in Resources */ = {isa = PBXBuildFile; fileRef = A52ADFD52B8A76D5001E74A3 /* camera.mp3 */; };
		A52ADFD92B8A770A001E74A3 /* dogBark.mp3 in Resources */ = {isa = PBXBuildFile; fileRef = A52ADFD82B8A770A001E74A3 /* dogBark.mp3 */; };
		A52ADFDB2B8A770F001E74A3 /* flip.mp3 in Resources */ = {isa = PBXBuildFile; fileRef = A52ADFDA2B8A770F001E74A3 /* flip.mp3 */; };
		A52ADFDD2B8A7715001E74A3 /* soundtrack.mp3 in Resources */ = {isa = PBXBuildFile; fileRef = A52ADFDC2B8A7715001E74A3 /* soundtrack.mp3 */; };
		A52ADFE62B8A780E001E74A3 /* Callout.swift in Sources */ = {isa = PBXBuildFile; fileRef = A52ADFE52B8A780E001E74A3 /* Callout.swift */; };
		A52ADFE82B8A782B001E74A3 /* Popup.swift in Sources */ = {isa = PBXBuildFile; fileRef = A52ADFE72B8A782B001E74A3 /* Popup.swift */; };
		A52ADFEB2B8A7870001E74A3 /* Cover.swift in Sources */ = {isa = PBXBuildFile; fileRef = A52ADFEA2B8A7870001E74A3 /* Cover.swift */; };
		A52ADFED2B8A7893001E74A3 /* ChapterEnding.swift in Sources */ = {isa = PBXBuildFile; fileRef = A52ADFEC2B8A7893001E74A3 /* ChapterEnding.swift */; };
		A52ADFEF2B8A7913001E74A3 /* Cover1.swift in Sources */ = {isa = PBXBuildFile; fileRef = A52ADFEE2B8A7913001E74A3 /* Cover1.swift */; };
		A52ADFF12B8A7C5A001E74A3 /* OpenDyslexic3-Bold.ttf in Resources */ = {isa = PBXBuildFile; fileRef = A52ADFDE2B8A771C001E74A3 /* OpenDyslexic3-Bold.ttf */; };
		A52ADFF22B8A7C5D001E74A3 /* OpenDyslexic3-Regular.ttf in Resources */ = {isa = PBXBuildFile; fileRef = A52ADFDF2B8A7726001E74A3 /* OpenDyslexic3-Regular.ttf */; };
		A52ADFF42B8A7D94001E74A3 /* Introduction.swift in Sources */ = {isa = PBXBuildFile; fileRef = A52ADFF32B8A7D94001E74A3 /* Introduction.swift */; };
		A52ADFF62B8A7DB6001E74A3 /* MoreAbout.swift in Sources */ = {isa = PBXBuildFile; fileRef = A52ADFF52B8A7DB6001E74A3 /* MoreAbout.swift */; };
		A52ADFF82B8A7DCE001E74A3 /* MiniGame1.swift in Sources */ = {isa = PBXBuildFile; fileRef = A52ADFF72B8A7DCE001E74A3 /* MiniGame1.swift */; };
		A52ADFFA2B8A7DE9001E74A3 /* Popup1.swift in Sources */ = {isa = PBXBuildFile; fileRef = A52ADFF92B8A7DE9001E74A3 /* Popup1.swift */; };
		A52ADFFC2B8A7DFF001E74A3 /* MiniGame2.swift in Sources */ = {isa = PBXBuildFile; fileRef = A52ADFFB2B8A7DFF001E74A3 /* MiniGame2.swift */; };
		A52ADFFE2B8A7E1A001E74A3 /* Chapter1Ending.swift in Sources */ = {isa = PBXBuildFile; fileRef = A52ADFFD2B8A7E1A001E74A3 /* Chapter1Ending.swift */; };
		A52AE0012B8A7E82001E74A3 /* Instruction.swift in Sources */ = {isa = PBXBuildFile; fileRef = A52AE0002B8A7E82001E74A3 /* Instruction.swift */; };
		A52AE0032B8A7EA3001E74A3 /* MiniGame2Square.swift in Sources */ = {isa = PBXBuildFile; fileRef = A52AE0022B8A7EA3001E74A3 /* MiniGame2Square.swift */; };
		A52AE0052B8A7EC1001E74A3 /* MiniGame4Circle.swift in Sources */ = {isa = PBXBuildFile; fileRef = A52AE0042B8A7EC1001E74A3 /* MiniGame4Circle.swift */; };
		A52AE0072B8A7EEC001E74A3 /* MiniGame4Braille.swift in Sources */ = {isa = PBXBuildFile; fileRef = A52AE0062B8A7EEC001E74A3 /* MiniGame4Braille.swift */; };
		A52AE0092B8A7F56001E74A3 /* MiniGame4Letter.swift in Sources */ = {isa = PBXBuildFile; fileRef = A52AE0082B8A7F56001E74A3 /* MiniGame4Letter.swift */; };
		A52AE00B2B8A7F79001E74A3 /* MiniGame4Word.swift in Sources */ = {isa = PBXBuildFile; fileRef = A52AE00A2B8A7F79001E74A3 /* MiniGame4Word.swift */; };
		A52AE00D2B8A7FA4001E74A3 /* MiniGame4Struct.swift in Sources */ = {isa = PBXBuildFile; fileRef = A52AE00C2B8A7FA4001E74A3 /* MiniGame4Struct.swift */; };
/* End PBXBuildFile section */

/* Begin PBXFileReference section */
		A52ADFA42B8A71FA001E74A3 /* Iris.app */ = {isa = PBXFileReference; explicitFileType = wrapper.application; includeInIndex = 0; path = Iris.app; sourceTree = BUILT_PRODUCTS_DIR; };
		A52ADFA72B8A71FA001E74A3 /* IrisApp.swift */ = {isa = PBXFileReference; lastKnownFileType = sourcecode.swift; path = IrisApp.swift; sourceTree = "<group>"; };
		A52ADFAB2B8A71FB001E74A3 /* Assets.xcassets */ = {isa = PBXFileReference; lastKnownFileType = folder.assetcatalog; path = Assets.xcassets; sourceTree = "<group>"; };
		A52ADFAE2B8A71FB001E74A3 /* Preview Assets.xcassets */ = {isa = PBXFileReference; lastKnownFileType = folder.assetcatalog; path = "Preview Assets.xcassets"; sourceTree = "<group>"; };
		A52ADFB62B8A7369001E74A3 /* Constants.swift */ = {isa = PBXFileReference; lastKnownFileType = sourcecode.swift; path = Constants.swift; sourceTree = "<group>"; };
		A52ADFBA2B8A742F001E74A3 /* Colors.swift */ = {isa = PBXFileReference; lastKnownFileType = sourcecode.swift; path = Colors.swift; sourceTree = "<group>"; };
		A52ADFBC2B8A7447001E74A3 /* Fonts.swift */ = {isa = PBXFileReference; lastKnownFileType = sourcecode.swift; path = Fonts.swift; sourceTree = "<group>"; };
		A52ADFC02B8A74E7001E74A3 /* AboutView.swift */ = {isa = PBXFileReference; lastKnownFileType = sourcecode.swift; path = AboutView.swift; sourceTree = "<group>"; };
		A52ADFC22B8A750E001E74A3 /* MessageView.swift */ = {isa = PBXFileReference; lastKnownFileType = sourcecode.swift; path = MessageView.swift; sourceTree = "<group>"; };
		A52ADFC42B8A7525001E74A3 /* SplashScreen.swift */ = {isa = PBXFileReference; lastKnownFileType = sourcecode.swift; path = SplashScreen.swift; sourceTree = "<group>"; };
		A52ADFC62B8A754A001E74A3 /* StartView.swift */ = {isa = PBXFileReference; lastKnownFileType = sourcecode.swift; path = StartView.swift; sourceTree = "<group>"; };
		A52ADFC92B8A759B001E74A3 /* BlackButton.swift */ = {isa = PBXFileReference; lastKnownFileType = sourcecode.swift; path = BlackButton.swift; sourceTree = "<group>"; };
		A52ADFCB2B8A75D0001E74A3 /* ClearButton.swift */ = {isa = PBXFileReference; lastKnownFileType = sourcecode.swift; path = ClearButton.swift; sourceTree = "<group>"; };
		A52ADFCD2B8A75FF001E74A3 /* FinishButton.swift */ = {isa = PBXFileReference; lastKnownFileType = sourcecode.swift; path = FinishButton.swift; sourceTree = "<group>"; };
		A52ADFCF2B8A761D001E74A3 /* NextButton.swift */ = {isa = PBXFileReference; lastKnownFileType = sourcecode.swift; path = NextButton.swift; sourceTree = "<group>"; };
		A52ADFD12B8A763D001E74A3 /* Organization.swift */ = {isa = PBXFileReference; lastKnownFileType = sourcecode.swift; path = Organization.swift; sourceTree = "<group>"; };
		A52ADFD32B8A766B001E74A3 /* PhotoButton.swift */ = {isa = PBXFileReference; lastKnownFileType = sourcecode.swift; path = PhotoButton.swift; sourceTree = "<group>"; };
		A52ADFD52B8A76D5001E74A3 /* camera.mp3 */ = {isa = PBXFileReference; lastKnownFileType = audio.mp3; path = camera.mp3; sourceTree = "<group>"; };
		A52ADFD82B8A770A001E74A3 /* dogBark.mp3 */ = {isa = PBXFileReference; lastKnownFileType = audio.mp3; path = dogBark.mp3; sourceTree = "<group>"; };
		A52ADFDA2B8A770F001E74A3 /* flip.mp3 */ = {isa = PBXFileReference; lastKnownFileType = audio.mp3; path = flip.mp3; sourceTree = "<group>"; };
		A52ADFDC2B8A7715001E74A3 /* soundtrack.mp3 */ = {isa = PBXFileReference; lastKnownFileType = audio.mp3; path = soundtrack.mp3; sourceTree = "<group>"; };
		A52ADFDE2B8A771C001E74A3 /* OpenDyslexic3-Bold.ttf */ = {isa = PBXFileReference; lastKnownFileType = file; path = "OpenDyslexic3-Bold.ttf"; sourceTree = "<group>"; };
		A52ADFDF2B8A7726001E74A3 /* OpenDyslexic3-Regular.ttf */ = {isa = PBXFileReference; lastKnownFileType = file; path = "OpenDyslexic3-Regular.ttf"; sourceTree = "<group>"; };
		A52ADFE52B8A780E001E74A3 /* Callout.swift */ = {isa = PBXFileReference; lastKnownFileType = sourcecode.swift; path = Callout.swift; sourceTree = "<group>"; };
		A52ADFE72B8A782B001E74A3 /* Popup.swift */ = {isa = PBXFileReference; lastKnownFileType = sourcecode.swift; path = Popup.swift; sourceTree = "<group>"; };
		A52ADFEA2B8A7870001E74A3 /* Cover.swift */ = {isa = PBXFileReference; lastKnownFileType = sourcecode.swift; path = Cover.swift; sourceTree = "<group>"; };
		A52ADFEC2B8A7893001E74A3 /* ChapterEnding.swift */ = {isa = PBXFileReference; lastKnownFileType = sourcecode.swift; path = ChapterEnding.swift; sourceTree = "<group>"; };
		A52ADFEE2B8A7913001E74A3 /* Cover1.swift */ = {isa = PBXFileReference; lastKnownFileType = sourcecode.swift; path = Cover1.swift; sourceTree = "<group>"; };
		A52ADFF02B8A7B2C001E74A3 /* Info.plist */ = {isa = PBXFileReference; lastKnownFileType = text.plist; path = Info.plist; sourceTree = "<group>"; };
		A52ADFF32B8A7D94001E74A3 /* Introduction.swift */ = {isa = PBXFileReference; lastKnownFileType = sourcecode.swift; path = Introduction.swift; sourceTree = "<group>"; };
		A52ADFF52B8A7DB6001E74A3 /* MoreAbout.swift */ = {isa = PBXFileReference; lastKnownFileType = sourcecode.swift; path = MoreAbout.swift; sourceTree = "<group>"; };
		A52ADFF72B8A7DCE001E74A3 /* MiniGame1.swift */ = {isa = PBXFileReference; lastKnownFileType = sourcecode.swift; path = MiniGame1.swift; sourceTree = "<group>"; };
		A52ADFF92B8A7DE9001E74A3 /* Popup1.swift */ = {isa = PBXFileReference; lastKnownFileType = sourcecode.swift; path = Popup1.swift; sourceTree = "<group>"; };
		A52ADFFB2B8A7DFF001E74A3 /* MiniGame2.swift */ = {isa = PBXFileReference; lastKnownFileType = sourcecode.swift; path = MiniGame2.swift; sourceTree = "<group>"; };
		A52ADFFD2B8A7E1A001E74A3 /* Chapter1Ending.swift */ = {isa = PBXFileReference; lastKnownFileType = sourcecode.swift; path = Chapter1Ending.swift; sourceTree = "<group>"; };
		A52AE0002B8A7E82001E74A3 /* Instruction.swift */ = {isa = PBXFileReference; lastKnownFileType = sourcecode.swift; path = Instruction.swift; sourceTree = "<group>"; };
		A52AE0022B8A7EA3001E74A3 /* MiniGame2Square.swift */ = {isa = PBXFileReference; lastKnownFileType = sourcecode.swift; path = MiniGame2Square.swift; sourceTree = "<group>"; };
		A52AE0042B8A7EC1001E74A3 /* MiniGame4Circle.swift */ = {isa = PBXFileReference; lastKnownFileType = sourcecode.swift; path = MiniGame4Circle.swift; sourceTree = "<group>"; };
		A52AE0062B8A7EEC001E74A3 /* MiniGame4Braille.swift */ = {isa = PBXFileReference; lastKnownFileType = sourcecode.swift; path = MiniGame4Braille.swift; sourceTree = "<group>"; };
		A52AE0082B8A7F56001E74A3 /* MiniGame4Letter.swift */ = {isa = PBXFileReference; lastKnownFileType = sourcecode.swift; path = MiniGame4Letter.swift; sourceTree = "<group>"; };
		A52AE00A2B8A7F79001E74A3 /* MiniGame4Word.swift */ = {isa = PBXFileReference; lastKnownFileType = sourcecode.swift; path = MiniGame4Word.swift; sourceTree = "<group>"; };
		A52AE00C2B8A7FA4001E74A3 /* MiniGame4Struct.swift */ = {isa = PBXFileReference; lastKnownFileType = sourcecode.swift; path = MiniGame4Struct.swift; sourceTree = "<group>"; };
/* End PBXFileReference section */

/* Begin PBXFrameworksBuildPhase section */
		A52ADFA12B8A71FA001E74A3 /* Frameworks */ = {
			isa = PBXFrameworksBuildPhase;
			buildActionMask = 2147483647;
			files = (
			);
			runOnlyForDeploymentPostprocessing = 0;
		};
/* End PBXFrameworksBuildPhase section */

/* Begin PBXGroup section */
		A52ADF9B2B8A71F9001E74A3 = {
			isa = PBXGroup;
			children = (
				A52ADFA62B8A71FA001E74A3 /* Iris */,
				A52ADFA52B8A71FA001E74A3 /* Products */,
			);
			sourceTree = "<group>";
		};
		A52ADFA52B8A71FA001E74A3 /* Products */ = {
			isa = PBXGroup;
			children = (
				A52ADFA42B8A71FA001E74A3 /* Iris.app */,
			);
			name = Products;
			sourceTree = "<group>";
		};
		A52ADFA62B8A71FA001E74A3 /* Iris */ = {
			isa = PBXGroup;
			children = (
				A52ADFF02B8A7B2C001E74A3 /* Info.plist */,
				A52ADFAD2B8A71FB001E74A3 /* Preview Content */,
				A52ADFB52B8A7350001E74A3 /* Application */,
				A52ADFB92B8A73D9001E74A3 /* Design System */,
				A52ADFB82B8A73AD001E74A3 /* Components */,
				A52ADFBE2B8A7477001E74A3 /* Flow */,
				A52ADFD72B8A76DF001E74A3 /* Resources */,
			);
			path = Iris;
			sourceTree = "<group>";
		};
		A52ADFAD2B8A71FB001E74A3 /* Preview Content */ = {
			isa = PBXGroup;
			children = (
				A52ADFAE2B8A71FB001E74A3 /* Preview Assets.xcassets */,
			);
			path = "Preview Content";
			sourceTree = "<group>";
		};
		A52ADFB52B8A7350001E74A3 /* Application */ = {
			isa = PBXGroup;
			children = (
				A52ADFAB2B8A71FB001E74A3 /* Assets.xcassets */,
				A52ADFA72B8A71FA001E74A3 /* IrisApp.swift */,
				A52ADFB62B8A7369001E74A3 /* Constants.swift */,
			);
			path = Application;
			sourceTree = "<group>";
		};
		A52ADFB82B8A73AD001E74A3 /* Components */ = {
			isa = PBXGroup;
			children = (
				A52ADFC82B8A7587001E74A3 /* Buttons */,
				A52ADFE42B8A77FD001E74A3 /* Texts */,
				A52ADFE92B8A785C001E74A3 /* Views */,
				A52ADFFF2B8A7E49001E74A3 /* MiniGames */,
			);
			path = Components;
			sourceTree = "<group>";
		};
		A52ADFB92B8A73D9001E74A3 /* Design System */ = {
			isa = PBXGroup;
			children = (
				A52ADFBA2B8A742F001E74A3 /* Colors.swift */,
				A52ADFBC2B8A7447001E74A3 /* Fonts.swift */,
			);
			path = "Design System";
			sourceTree = "<group>";
		};
		A52ADFBE2B8A7477001E74A3 /* Flow */ = {
			isa = PBXGroup;
			children = (
				A52ADFBF2B8A74C5001E74A3 /* Beginning */,
				A52ADFE02B8A77B6001E74A3 /* Chapter1 */,
				A52ADFE12B8A77C3001E74A3 /* Chapter2 */,
				A52ADFE22B8A77D9001E74A3 /* Chapter3 */,
				A52ADFE32B8A77E4001E74A3 /* Ending */,
			);
			path = Flow;
			sourceTree = "<group>";
		};
		A52ADFBF2B8A74C5001E74A3 /* Beginning */ = {
			isa = PBXGroup;
			children = (
				A52ADFC02B8A74E7001E74A3 /* AboutView.swift */,
				A52ADFC22B8A750E001E74A3 /* MessageView.swift */,
				A52ADFC42B8A7525001E74A3 /* SplashScreen.swift */,
				A52ADFC62B8A754A001E74A3 /* StartView.swift */,
			);
			path = Beginning;
			sourceTree = "<group>";
		};
		A52ADFC82B8A7587001E74A3 /* Buttons */ = {
			isa = PBXGroup;
			children = (
				A52ADFC92B8A759B001E74A3 /* BlackButton.swift */,
				A52ADFCB2B8A75D0001E74A3 /* ClearButton.swift */,
				A52ADFCD2B8A75FF001E74A3 /* FinishButton.swift */,
				A52ADFCF2B8A761D001E74A3 /* NextButton.swift */,
				A52ADFD32B8A766B001E74A3 /* PhotoButton.swift */,
				A52ADFD12B8A763D001E74A3 /* Organization.swift */,
			);
			path = Buttons;
			sourceTree = "<group>";
		};
		A52ADFD72B8A76DF001E74A3 /* Resources */ = {
			isa = PBXGroup;
			children = (
				A52ADFD52B8A76D5001E74A3 /* camera.mp3 */,
				A52ADFD82B8A770A001E74A3 /* dogBark.mp3 */,
				A52ADFDA2B8A770F001E74A3 /* flip.mp3 */,
				A52ADFDC2B8A7715001E74A3 /* soundtrack.mp3 */,
				A52ADFDE2B8A771C001E74A3 /* OpenDyslexic3-Bold.ttf */,
				A52ADFDF2B8A7726001E74A3 /* OpenDyslexic3-Regular.ttf */,
			);
			path = Resources;
			sourceTree = "<group>";
		};
		A52ADFE02B8A77B6001E74A3 /* Chapter1 */ = {
			isa = PBXGroup;
			children = (
				A52ADFEE2B8A7913001E74A3 /* Cover1.swift */,
				A52ADFF32B8A7D94001E74A3 /* Introduction.swift */,
				A52ADFF52B8A7DB6001E74A3 /* MoreAbout.swift */,
				A52ADFF72B8A7DCE001E74A3 /* MiniGame1.swift */,
				A52ADFF92B8A7DE9001E74A3 /* Popup1.swift */,
				A52ADFFB2B8A7DFF001E74A3 /* MiniGame2.swift */,
				A52ADFFD2B8A7E1A001E74A3 /* Chapter1Ending.swift */,
			);
			path = Chapter1;
			sourceTree = "<group>";
		};
		A52ADFE12B8A77C3001E74A3 /* Chapter2 */ = {
			isa = PBXGroup;
			children = (
			);
			path = Chapter2;
			sourceTree = "<group>";
		};
		A52ADFE22B8A77D9001E74A3 /* Chapter3 */ = {
			isa = PBXGroup;
			children = (
			);
			path = Chapter3;
			sourceTree = "<group>";
		};
		A52ADFE32B8A77E4001E74A3 /* Ending */ = {
			isa = PBXGroup;
			children = (
			);
			path = Ending;
			sourceTree = "<group>";
		};
		A52ADFE42B8A77FD001E74A3 /* Texts */ = {
			isa = PBXGroup;
			children = (
				A52ADFE52B8A780E001E74A3 /* Callout.swift */,
				A52ADFE72B8A782B001E74A3 /* Popup.swift */,
			);
			path = Texts;
			sourceTree = "<group>";
		};
		A52ADFE92B8A785C001E74A3 /* Views */ = {
			isa = PBXGroup;
			children = (
				A52ADFEA2B8A7870001E74A3 /* Cover.swift */,
				A52ADFEC2B8A7893001E74A3 /* ChapterEnding.swift */,
			);
			path = Views;
			sourceTree = "<group>";
		};
		A52ADFFF2B8A7E49001E74A3 /* MiniGames */ = {
			isa = PBXGroup;
			children = (
				A52AE0002B8A7E82001E74A3 /* Instruction.swift */,
				A52AE0022B8A7EA3001E74A3 /* MiniGame2Square.swift */,
				A52AE0042B8A7EC1001E74A3 /* MiniGame4Circle.swift */,
				A52AE0062B8A7EEC001E74A3 /* MiniGame4Braille.swift */,
				A52AE0082B8A7F56001E74A3 /* MiniGame4Letter.swift */,
				A52AE00A2B8A7F79001E74A3 /* MiniGame4Word.swift */,
				A52AE00C2B8A7FA4001E74A3 /* MiniGame4Struct.swift */,
			);
			path = MiniGames;
			sourceTree = "<group>";
		};
/* End PBXGroup section */

/* Begin PBXNativeTarget section */
		A52ADFA32B8A71FA001E74A3 /* Iris */ = {
			isa = PBXNativeTarget;
			buildConfigurationList = A52ADFB22B8A71FB001E74A3 /* Build configuration list for PBXNativeTarget "Iris" */;
			buildPhases = (
				A52ADFA02B8A71FA001E74A3 /* Sources */,
				A52ADFA12B8A71FA001E74A3 /* Frameworks */,
				A52ADFA22B8A71FA001E74A3 /* Resources */,
			);
			buildRules = (
			);
			dependencies = (
			);
			name = Iris;
			productName = Iris;
			productReference = A52ADFA42B8A71FA001E74A3 /* Iris.app */;
			productType = "com.apple.product-type.application";
		};
/* End PBXNativeTarget section */

/* Begin PBXProject section */
		A52ADF9C2B8A71F9001E74A3 /* Project object */ = {
			isa = PBXProject;
			attributes = {
				BuildIndependentTargetsInParallel = 1;
				LastSwiftUpdateCheck = 1520;
				LastUpgradeCheck = 1520;
				TargetAttributes = {
					A52ADFA32B8A71FA001E74A3 = {
						CreatedOnToolsVersion = 15.2;
					};
				};
			};
			buildConfigurationList = A52ADF9F2B8A71F9001E74A3 /* Build configuration list for PBXProject "Iris" */;
			compatibilityVersion = "Xcode 14.0";
			developmentRegion = en;
			hasScannedForEncodings = 0;
			knownRegions = (
				en,
				Base,
			);
			mainGroup = A52ADF9B2B8A71F9001E74A3;
			productRefGroup = A52ADFA52B8A71FA001E74A3 /* Products */;
			projectDirPath = "";
			projectRoot = "";
			targets = (
				A52ADFA32B8A71FA001E74A3 /* Iris */,
			);
		};
/* End PBXProject section */

/* Begin PBXResourcesBuildPhase section */
		A52ADFA22B8A71FA001E74A3 /* Resources */ = {
			isa = PBXResourcesBuildPhase;
			buildActionMask = 2147483647;
			files = (
				A52ADFAF2B8A71FB001E74A3 /* Preview Assets.xcassets in Resources */,
				A52ADFDB2B8A770F001E74A3 /* flip.mp3 in Resources */,
				A52ADFF12B8A7C5A001E74A3 /* OpenDyslexic3-Bold.ttf in Resources */,
				A52ADFD62B8A76D5001E74A3 /* camera.mp3 in Resources */,
				A52ADFAC2B8A71FB001E74A3 /* Assets.xcassets in Resources */,
				A52ADFDD2B8A7715001E74A3 /* soundtrack.mp3 in Resources */,
				A52ADFF22B8A7C5D001E74A3 /* OpenDyslexic3-Regular.ttf in Resources */,
				A52ADFD92B8A770A001E74A3 /* dogBark.mp3 in Resources */,
			);
			runOnlyForDeploymentPostprocessing = 0;
		};
/* End PBXResourcesBuildPhase section */

/* Begin PBXSourcesBuildPhase section */
		A52ADFA02B8A71FA001E74A3 /* Sources */ = {
			isa = PBXSourcesBuildPhase;
			buildActionMask = 2147483647;
			files = (
				A52ADFCE2B8A75FF001E74A3 /* FinishButton.swift in Sources */,
				A52ADFF62B8A7DB6001E74A3 /* MoreAbout.swift in Sources */,
				A52ADFC32B8A750E001E74A3 /* MessageView.swift in Sources */,
				A52AE0092B8A7F56001E74A3 /* MiniGame4Letter.swift in Sources */,
				A52ADFFC2B8A7DFF001E74A3 /* MiniGame2.swift in Sources */,
				A52AE0032B8A7EA3001E74A3 /* MiniGame2Square.swift in Sources */,
				A52ADFD22B8A763D001E74A3 /* Organization.swift in Sources */,
				A52ADFBD2B8A7447001E74A3 /* Fonts.swift in Sources */,
				A52ADFED2B8A7893001E74A3 /* ChapterEnding.swift in Sources */,
				A52ADFC52B8A7525001E74A3 /* SplashScreen.swift in Sources */,
				A52AE0072B8A7EEC001E74A3 /* MiniGame4Braille.swift in Sources */,
				A52ADFCA2B8A759B001E74A3 /* BlackButton.swift in Sources */,
				A52ADFEF2B8A7913001E74A3 /* Cover1.swift in Sources */,
				A52ADFE62B8A780E001E74A3 /* Callout.swift in Sources */,
				A52ADFEB2B8A7870001E74A3 /* Cover.swift in Sources */,
				A52ADFC72B8A754A001E74A3 /* StartView.swift in Sources */,
				A52AE00D2B8A7FA4001E74A3 /* MiniGame4Struct.swift in Sources */,
				A52ADFF42B8A7D94001E74A3 /* Introduction.swift in Sources */,
				A52ADFFA2B8A7DE9001E74A3 /* Popup1.swift in Sources */,
				A52ADFFE2B8A7E1A001E74A3 /* Chapter1Ending.swift in Sources */,
				A52ADFD02B8A761D001E74A3 /* NextButton.swift in Sources */,
				A52ADFA82B8A71FA001E74A3 /* IrisApp.swift in Sources */,
				A52ADFE82B8A782B001E74A3 /* Popup.swift in Sources */,
				A52ADFBB2B8A742F001E74A3 /* Colors.swift in Sources */,
				A52AE0052B8A7EC1001E74A3 /* MiniGame4Circle.swift in Sources */,
				A52ADFD42B8A766B001E74A3 /* PhotoButton.swift in Sources */,
				A52ADFCC2B8A75D0001E74A3 /* ClearButton.swift in Sources */,
				A52AE0012B8A7E82001E74A3 /* Instruction.swift in Sources */,
				A52AE00B2B8A7F79001E74A3 /* MiniGame4Word.swift in Sources */,
				A52ADFB72B8A7369001E74A3 /* Constants.swift in Sources */,
				A52ADFF82B8A7DCE001E74A3 /* MiniGame1.swift in Sources */,
				A52ADFC12B8A74E7001E74A3 /* AboutView.swift in Sources */,
			);
			runOnlyForDeploymentPostprocessing = 0;
		};
/* End PBXSourcesBuildPhase section */

/* Begin XCBuildConfiguration section */
		A52ADFB02B8A71FB001E74A3 /* Debug */ = {
			isa = XCBuildConfiguration;
			buildSettings = {
				ALWAYS_SEARCH_USER_PATHS = NO;
				ASSETCATALOG_COMPILER_GENERATE_SWIFT_ASSET_SYMBOL_EXTENSIONS = YES;
				CLANG_ANALYZER_NONNULL = YES;
				CLANG_ANALYZER_NUMBER_OBJECT_CONVERSION = YES_AGGRESSIVE;
				CLANG_CXX_LANGUAGE_STANDARD = "gnu++20";
				CLANG_ENABLE_MODULES = YES;
				CLANG_ENABLE_OBJC_ARC = YES;
				CLANG_ENABLE_OBJC_WEAK = YES;
				CLANG_WARN_BLOCK_CAPTURE_AUTORELEASING = YES;
				CLANG_WARN_BOOL_CONVERSION = YES;
				CLANG_WARN_COMMA = YES;
				CLANG_WARN_CONSTANT_CONVERSION = YES;
				CLANG_WARN_DEPRECATED_OBJC_IMPLEMENTATIONS = YES;
				CLANG_WARN_DIRECT_OBJC_ISA_USAGE = YES_ERROR;
				CLANG_WARN_DOCUMENTATION_COMMENTS = YES;
				CLANG_WARN_EMPTY_BODY = YES;
				CLANG_WARN_ENUM_CONVERSION = YES;
				CLANG_WARN_INFINITE_RECURSION = YES;
				CLANG_WARN_INT_CONVERSION = YES;
				CLANG_WARN_NON_LITERAL_NULL_CONVERSION = YES;
				CLANG_WARN_OBJC_IMPLICIT_RETAIN_SELF = YES;
				CLANG_WARN_OBJC_LITERAL_CONVERSION = YES;
				CLANG_WARN_OBJC_ROOT_CLASS = YES_ERROR;
				CLANG_WARN_QUOTED_INCLUDE_IN_FRAMEWORK_HEADER = YES;
				CLANG_WARN_RANGE_LOOP_ANALYSIS = YES;
				CLANG_WARN_STRICT_PROTOTYPES = YES;
				CLANG_WARN_SUSPICIOUS_MOVE = YES;
				CLANG_WARN_UNGUARDED_AVAILABILITY = YES_AGGRESSIVE;
				CLANG_WARN_UNREACHABLE_CODE = YES;
				CLANG_WARN__DUPLICATE_METHOD_MATCH = YES;
				COPY_PHASE_STRIP = NO;
				DEBUG_INFORMATION_FORMAT = dwarf;
				ENABLE_STRICT_OBJC_MSGSEND = YES;
				ENABLE_TESTABILITY = YES;
				ENABLE_USER_SCRIPT_SANDBOXING = YES;
				GCC_C_LANGUAGE_STANDARD = gnu17;
				GCC_DYNAMIC_NO_PIC = NO;
				GCC_NO_COMMON_BLOCKS = YES;
				GCC_OPTIMIZATION_LEVEL = 0;
				GCC_PREPROCESSOR_DEFINITIONS = (
					"DEBUG=1",
					"$(inherited)",
				);
				GCC_WARN_64_TO_32_BIT_CONVERSION = YES;
				GCC_WARN_ABOUT_RETURN_TYPE = YES_ERROR;
				GCC_WARN_UNDECLARED_SELECTOR = YES;
				GCC_WARN_UNINITIALIZED_AUTOS = YES_AGGRESSIVE;
				GCC_WARN_UNUSED_FUNCTION = YES;
				GCC_WARN_UNUSED_VARIABLE = YES;
				IPHONEOS_DEPLOYMENT_TARGET = 16.0;
				LOCALIZATION_PREFERS_STRING_CATALOGS = YES;
				MTL_ENABLE_DEBUG_INFO = INCLUDE_SOURCE;
				MTL_FAST_MATH = YES;
				ONLY_ACTIVE_ARCH = YES;
				SDKROOT = iphoneos;
				SWIFT_ACTIVE_COMPILATION_CONDITIONS = "DEBUG $(inherited)";
				SWIFT_OPTIMIZATION_LEVEL = "-Onone";
			};
			name = Debug;
		};
		A52ADFB12B8A71FB001E74A3 /* Release */ = {
			isa = XCBuildConfiguration;
			buildSettings = {
				ALWAYS_SEARCH_USER_PATHS = NO;
				ASSETCATALOG_COMPILER_GENERATE_SWIFT_ASSET_SYMBOL_EXTENSIONS = YES;
				CLANG_ANALYZER_NONNULL = YES;
				CLANG_ANALYZER_NUMBER_OBJECT_CONVERSION = YES_AGGRESSIVE;
				CLANG_CXX_LANGUAGE_STANDARD = "gnu++20";
				CLANG_ENABLE_MODULES = YES;
				CLANG_ENABLE_OBJC_ARC = YES;
				CLANG_ENABLE_OBJC_WEAK = YES;
				CLANG_WARN_BLOCK_CAPTURE_AUTORELEASING = YES;
				CLANG_WARN_BOOL_CONVERSION = YES;
				CLANG_WARN_COMMA = YES;
				CLANG_WARN_CONSTANT_CONVERSION = YES;
				CLANG_WARN_DEPRECATED_OBJC_IMPLEMENTATIONS = YES;
				CLANG_WARN_DIRECT_OBJC_ISA_USAGE = YES_ERROR;
				CLANG_WARN_DOCUMENTATION_COMMENTS = YES;
				CLANG_WARN_EMPTY_BODY = YES;
				CLANG_WARN_ENUM_CONVERSION = YES;
				CLANG_WARN_INFINITE_RECURSION = YES;
				CLANG_WARN_INT_CONVERSION = YES;
				CLANG_WARN_NON_LITERAL_NULL_CONVERSION = YES;
				CLANG_WARN_OBJC_IMPLICIT_RETAIN_SELF = YES;
				CLANG_WARN_OBJC_LITERAL_CONVERSION = YES;
				CLANG_WARN_OBJC_ROOT_CLASS = YES_ERROR;
				CLANG_WARN_QUOTED_INCLUDE_IN_FRAMEWORK_HEADER = YES;
				CLANG_WARN_RANGE_LOOP_ANALYSIS = YES;
				CLANG_WARN_STRICT_PROTOTYPES = YES;
				CLANG_WARN_SUSPICIOUS_MOVE = YES;
				CLANG_WARN_UNGUARDED_AVAILABILITY = YES_AGGRESSIVE;
				CLANG_WARN_UNREACHABLE_CODE = YES;
				CLANG_WARN__DUPLICATE_METHOD_MATCH = YES;
				COPY_PHASE_STRIP = NO;
				DEBUG_INFORMATION_FORMAT = "dwarf-with-dsym";
				ENABLE_NS_ASSERTIONS = NO;
				ENABLE_STRICT_OBJC_MSGSEND = YES;
				ENABLE_USER_SCRIPT_SANDBOXING = YES;
				GCC_C_LANGUAGE_STANDARD = gnu17;
				GCC_NO_COMMON_BLOCKS = YES;
				GCC_WARN_64_TO_32_BIT_CONVERSION = YES;
				GCC_WARN_ABOUT_RETURN_TYPE = YES_ERROR;
				GCC_WARN_UNDECLARED_SELECTOR = YES;
				GCC_WARN_UNINITIALIZED_AUTOS = YES_AGGRESSIVE;
				GCC_WARN_UNUSED_FUNCTION = YES;
				GCC_WARN_UNUSED_VARIABLE = YES;
				IPHONEOS_DEPLOYMENT_TARGET = 16.0;
				LOCALIZATION_PREFERS_STRING_CATALOGS = YES;
				MTL_ENABLE_DEBUG_INFO = NO;
				MTL_FAST_MATH = YES;
				SDKROOT = iphoneos;
				SWIFT_COMPILATION_MODE = wholemodule;
				VALIDATE_PRODUCT = YES;
			};
			name = Release;
		};
		A52ADFB32B8A71FB001E74A3 /* Debug */ = {
			isa = XCBuildConfiguration;
			buildSettings = {
				ASSETCATALOG_COMPILER_APPICON_NAME = AppIcon;
				ASSETCATALOG_COMPILER_GLOBAL_ACCENT_COLOR_NAME = AccentColor;
				CODE_SIGN_STYLE = Automatic;
				CURRENT_PROJECT_VERSION = 1;
				DEVELOPMENT_ASSET_PATHS = "\"Iris/Preview Content\"";
				DEVELOPMENT_TEAM = 3MS8Y2RCJZ;
				ENABLE_PREVIEWS = YES;
				GENERATE_INFOPLIST_FILE = YES;
				INFOPLIST_FILE = Iris/Info.plist;
				INFOPLIST_KEY_CFBundleDisplayName = Iris;
				INFOPLIST_KEY_LSApplicationCategoryType = "public.app-category.games";
				INFOPLIST_KEY_UIApplicationSceneManifest_Generation = YES;
				INFOPLIST_KEY_UIApplicationSupportsIndirectInputEvents = YES;
				INFOPLIST_KEY_UILaunchScreen_Generation = YES;
				INFOPLIST_KEY_UIRequiresFullScreen = YES;
				INFOPLIST_KEY_UIStatusBarHidden = NO;
				INFOPLIST_KEY_UISupportedInterfaceOrientations = "UIInterfaceOrientationLandscapeLeft UIInterfaceOrientationLandscapeRight UIInterfaceOrientationPortrait";
				INFOPLIST_KEY_UISupportedInterfaceOrientations_iPad = UIInterfaceOrientationPortrait;
				IPHONEOS_DEPLOYMENT_TARGET = 16.0;
				LD_RUNPATH_SEARCH_PATHS = (
					"$(inherited)",
					"@executable_path/Frameworks",
				);
				MARKETING_VERSION = 1.0;
				PRODUCT_BUNDLE_IDENTIFIER = "com.marina-yamaguti.Iris";
				PRODUCT_NAME = "$(TARGET_NAME)";
				SUPPORTED_PLATFORMS = "iphoneos iphonesimulator";
				SUPPORTS_MACCATALYST = NO;
				SUPPORTS_XR_DESIGNED_FOR_IPHONE_IPAD = NO;
				SWIFT_EMIT_LOC_STRINGS = YES;
				SWIFT_VERSION = 5.0;
				TARGETED_DEVICE_FAMILY = 2;
			};
			name = Debug;
		};
		A52ADFB42B8A71FB001E74A3 /* Release */ = {
			isa = XCBuildConfiguration;
			buildSettings = {
				ASSETCATALOG_COMPILER_APPICON_NAME = AppIcon;
				ASSETCATALOG_COMPILER_GLOBAL_ACCENT_COLOR_NAME = AccentColor;
				CODE_SIGN_STYLE = Automatic;
				CURRENT_PROJECT_VERSION = 1;
				DEVELOPMENT_ASSET_PATHS = "\"Iris/Preview Content\"";
				DEVELOPMENT_TEAM = 3MS8Y2RCJZ;
				ENABLE_PREVIEWS = YES;
				GENERATE_INFOPLIST_FILE = YES;
				INFOPLIST_FILE = Iris/Info.plist;
				INFOPLIST_KEY_CFBundleDisplayName = Iris;
				INFOPLIST_KEY_LSApplicationCategoryType = "public.app-category.games";
				INFOPLIST_KEY_UIApplicationSceneManifest_Generation = YES;
				INFOPLIST_KEY_UIApplicationSupportsIndirectInputEvents = YES;
				INFOPLIST_KEY_UILaunchScreen_Generation = YES;
				INFOPLIST_KEY_UIRequiresFullScreen = YES;
				INFOPLIST_KEY_UIStatusBarHidden = NO;
				INFOPLIST_KEY_UISupportedInterfaceOrientations = "UIInterfaceOrientationLandscapeLeft UIInterfaceOrientationLandscapeRight UIInterfaceOrientationPortrait";
				INFOPLIST_KEY_UISupportedInterfaceOrientations_iPad = UIInterfaceOrientationPortrait;
				IPHONEOS_DEPLOYMENT_TARGET = 16.0;
				LD_RUNPATH_SEARCH_PATHS = (
					"$(inherited)",
					"@executable_path/Frameworks",
				);
				MARKETING_VERSION = 1.0;
				PRODUCT_BUNDLE_IDENTIFIER = "com.marina-yamaguti.Iris";
				PRODUCT_NAME = "$(TARGET_NAME)";
				SUPPORTED_PLATFORMS = "iphoneos iphonesimulator";
				SUPPORTS_MACCATALYST = NO;
				SUPPORTS_XR_DESIGNED_FOR_IPHONE_IPAD = NO;
				SWIFT_EMIT_LOC_STRINGS = YES;
				SWIFT_VERSION = 5.0;
				TARGETED_DEVICE_FAMILY = 2;
			};
			name = Release;
		};
/* End XCBuildConfiguration section */

/* Begin XCConfigurationList section */
		A52ADF9F2B8A71F9001E74A3 /* Build configuration list for PBXProject "Iris" */ = {
			isa = XCConfigurationList;
			buildConfigurations = (
				A52ADFB02B8A71FB001E74A3 /* Debug */,
				A52ADFB12B8A71FB001E74A3 /* Release */,
			);
			defaultConfigurationIsVisible = 0;
			defaultConfigurationName = Release;
		};
		A52ADFB22B8A71FB001E74A3 /* Build configuration list for PBXNativeTarget "Iris" */ = {
			isa = XCConfigurationList;
			buildConfigurations = (
				A52ADFB32B8A71FB001E74A3 /* Debug */,
				A52ADFB42B8A71FB001E74A3 /* Release */,
			);
			defaultConfigurationIsVisible = 0;
			defaultConfigurationName = Release;
		};
/* End XCConfigurationList section */
	};
	rootObject = A52ADF9C2B8A71F9001E74A3 /* Project object */;
}
